<?xml version="1.0" encoding="utf-8"?>
<Project ToolsVersion="4.0" xmlns="http://schemas.microsoft.com/developer/msbuild/2003">
  <ItemGroup>
    <Filter Include="Source Files">
      <UniqueIdentifier>{4FC737F1-C7A5-4376-A066-2A32D752A2FF}</UniqueIdentifier>
      <Extensions>cpp;c;cc;cxx;def;odl;idl;hpj;bat;asm;asmx</Extensions>
    </Filter>
    <Filter Include="Header Files">
      <UniqueIdentifier>{93995380-89BD-4b04-88EB-625FBE52EBFB}</UniqueIdentifier>
      <Extensions>h;hh;hpp;hxx;hm;inl;inc;xsd</Extensions>
    </Filter>
    <Filter Include="Resource Files">
      <UniqueIdentifier>{67DA6AB6-F800-4c08-8B7A-83BB121AAD01}</UniqueIdentifier>
      <Extensions>rc;ico;cur;bmp;dlg;rc2;rct;bin;rgs;gif;jpg;jpeg;jpe;resx;tiff;tif;png;wav;mfcribbon-ms</Extensions>
    </Filter>
  </ItemGroup>
  <ItemGroup>
    <None Include="packages.config" />
  </ItemGroup>
  <ItemGroup>
    <ClCompile Include="source\Engine\Camera.cpp">
      <Filter>Source Files</Filter>
    </ClCompile>
    <ClCompile Include="source\Engine\GameEngine.cpp">
      <Filter>Source Files</Filter>
    </ClCompile>
    <ClCompile Include="source\Engine\GraphicsEngine.cpp">
      <Filter>Source Files</Filter>
    </ClCompile>
    <ClCompile Include="source\Engine\Input.cpp">
      <Filter>Source Files</Filter>
    </ClCompile>
    <ClCompile Include="source\Engine\main.cpp">
      <Filter>Source Files</Filter>
    </ClCompile>
    <ClCompile Include="source\Engine\PlayerSlot.cpp">
      <Filter>Source Files</Filter>
    </ClCompile>
    <ClCompile Include="source\Managers\GameManager.cpp">
      <Filter>Source Files</Filter>
    </ClCompile>
    <ClCompile Include="source\Managers\MenuManager.cpp">
      <Filter>Source Files</Filter>
    </ClCompile>
    <ClCompile Include="source\Screens\GUIOverlay.cpp">
      <Filter>Source Files</Filter>
    </ClCompile>
    <ClCompile Include="source\DXTKGui\BaseGraphics\FontSet.cpp">
      <Filter>Source Files</Filter>
    </ClCompile>
    <ClCompile Include="source\DXTKGui\BaseGraphics\GraphicsAsset.cpp">
      <Filter>Source Files</Filter>
    </ClCompile>
    <ClCompile Include="source\DXTKGui\BaseGraphics\PrimitiveShapes.cpp">
      <Filter>Source Files</Filter>
    </ClCompile>
    <ClCompile Include="source\DXTKGui\BaseGraphics\Sprite.cpp">
      <Filter>Source Files</Filter>
    </ClCompile>
    <ClCompile Include="source\DXTKGui\Controllers\Joystick.cpp">
      <Filter>Source Files</Filter>
    </ClCompile>
    <ClCompile Include="source\DXTKGui\Controllers\KeyboardController.cpp">
      <Filter>Source Files</Filter>
    </ClCompile>
    <ClCompile Include="source\DXTKGui\Controllers\MouseController.cpp">
      <Filter>Source Files</Filter>
    </ClCompile>
    <ClCompile Include="source\DXTKGui\Controllers\Selector.cpp">
      <Filter>Source Files</Filter>
    </ClCompile>
    <ClCompile Include="source\DXTKGui\Controls\Button.cpp">
      <Filter>Source Files</Filter>
    </ClCompile>
    <ClCompile Include="source\DXTKGui\Controls\CheckBox.cpp">
      <Filter>Source Files</Filter>
    </ClCompile>
    <ClCompile Include="source\DXTKGui\Controls\ComboBox.cpp">
      <Filter>Source Files</Filter>
    </ClCompile>
    <ClCompile Include="source\DXTKGui\Controls\Dialog.cpp">
      <Filter>Source Files</Filter>
    </ClCompile>
    <ClCompile Include="source\DXTKGui\Controls\DynamicDialog.cpp">
      <Filter>Source Files</Filter>
    </ClCompile>
    <ClCompile Include="source\DXTKGui\Controls\GUIControl.cpp">
      <Filter>Source Files</Filter>
    </ClCompile>
    <ClCompile Include="source\DXTKGui\Controls\ListBox.cpp">
      <Filter>Source Files</Filter>
    </ClCompile>
    <ClCompile Include="source\DXTKGui\Controls\Panel.cpp">
      <Filter>Source Files</Filter>
    </ClCompile>
    <ClCompile Include="source\DXTKGui\Controls\ScrollBar.cpp">
      <Filter>Source Files</Filter>
    </ClCompile>
    <ClCompile Include="source\DXTKGui\Controls\Spinner.cpp">
      <Filter>Source Files</Filter>
    </ClCompile>
    <ClCompile Include="source\DXTKGui\Controls\TextLabel.cpp">
      <Filter>Source Files</Filter>
    </ClCompile>
    <ClCompile Include="source\DXTKGui\Controls\TexturePanel.cpp">
      <Filter>Source Files</Filter>
    </ClCompile>
    <ClCompile Include="source\DXTKGui\GUIFactory.cpp">
      <Filter>Source Files</Filter>
    </ClCompile>
    <ClCompile Include="source\DXTKGui\Effects\GfxAssetCombiner.cpp">
      <Filter>Source Files</Filter>
    </ClCompile>
    <ClCompile Include="source\DXTKGui\Effects\LetterJammer.cpp">
      <Filter>Source Files</Filter>
    </ClCompile>
    <ClCompile Include="source\DXTKGui\Effects\ScreenTransitions.cpp">
      <Filter>Source Files</Filter>
    </ClCompile>
    <ClCompile Include="source\DXTKGui\Effects\TransitionEffects.cpp">
      <Filter>Source Files</Filter>
    </ClCompile>
    <ClCompile Include="source\pch.cpp">
      <Filter>Source Files</Filter>
    </ClCompile>
  </ItemGroup>
  <ItemGroup>
    <ClInclude Include="source\Engine\Camera.h">
      <Filter>Header Files</Filter>
    </ClInclude>
    <ClInclude Include="source\Engine\GameEngine.h">
      <Filter>Header Files</Filter>
    </ClInclude>
    <ClInclude Include="source\Engine\GraphicsEngine.h">
      <Filter>Header Files</Filter>
    </ClInclude>
    <ClInclude Include="source\Engine\Input.h">
      <Filter>Header Files</Filter>
    </ClInclude>
    <ClInclude Include="source\Engine\PlayerSlot.h">
      <Filter>Header Files</Filter>
    </ClInclude>
    <ClInclude Include="source\globals.h">
      <Filter>Header Files</Filter>
    </ClInclude>
    <ClInclude Include="source\Managers\GameManager.h">
      <Filter>Header Files</Filter>
    </ClInclude>
    <ClInclude Include="source\Managers\MenuManager.h">
      <Filter>Header Files</Filter>
    </ClInclude>
    <ClInclude Include="source\Screens\GUIOverlay.h">
      <Filter>Header Files</Filter>
    </ClInclude>
    <ClInclude Include="source\DXTKGui\BaseGraphics\FontSet.h">
      <Filter>Header Files</Filter>
    </ClInclude>
    <ClInclude Include="source\DXTKGui\BaseGraphics\GraphicsAsset.h">
      <Filter>Header Files</Filter>
    </ClInclude>
    <ClInclude Include="source\DXTKGui\BaseGraphics\IElement2D.h">
      <Filter>Header Files</Filter>
    </ClInclude>
    <ClInclude Include="source\DXTKGui\BaseGraphics\PrimitiveShapes.h">
      <Filter>Header Files</Filter>
    </ClInclude>
    <ClInclude Include="source\DXTKGui\BaseGraphics\screen.h">
      <Filter>Header Files</Filter>
    </ClInclude>
    <ClInclude Include="source\DXTKGui\BaseGraphics\Sprite.h">
      <Filter>Header Files</Filter>
    </ClInclude>
    <ClInclude Include="source\DXTKGui\Controllers\Joystick.h">
      <Filter>Header Files</Filter>
    </ClInclude>
    <ClInclude Include="source\DXTKGui\Controllers\KeyboardController.h">
      <Filter>Header Files</Filter>
    </ClInclude>
    <ClInclude Include="source\DXTKGui\Controllers\MouseController.h">
      <Filter>Header Files</Filter>
    </ClInclude>
    <ClInclude Include="source\DXTKGui\Controllers\Selector.h">
      <Filter>Header Files</Filter>
    </ClInclude>
    <ClInclude Include="source\DXTKGui\Controls\Button.h">
      <Filter>Header Files</Filter>
    </ClInclude>
    <ClInclude Include="source\DXTKGui\Controls\CheckBox.h">
      <Filter>Header Files</Filter>
    </ClInclude>
    <ClInclude Include="source\DXTKGui\Controls\ComboBox.h">
      <Filter>Header Files</Filter>
    </ClInclude>
    <ClInclude Include="source\DXTKGui\Controls\Dialog.h">
      <Filter>Header Files</Filter>
    </ClInclude>
    <ClInclude Include="source\DXTKGui\Controls\DynamicDialog.h">
      <Filter>Header Files</Filter>
    </ClInclude>
    <ClInclude Include="source\DXTKGui\Controls\GUIControl.h">
      <Filter>Header Files</Filter>
    </ClInclude>
    <ClInclude Include="source\DXTKGui\Controls\ListBox.h">
      <Filter>Header Files</Filter>
    </ClInclude>
    <ClInclude Include="source\DXTKGui\Controls\Panel.h">
      <Filter>Header Files</Filter>
    </ClInclude>
    <ClInclude Include="source\DXTKGui\Controls\ScrollBar.h">
      <Filter>Header Files</Filter>
    </ClInclude>
    <ClInclude Include="source\DXTKGui\Controls\Spinner.h">
      <Filter>Header Files</Filter>
    </ClInclude>
    <ClInclude Include="source\DXTKGui\Controls\TextLabel.h">
      <Filter>Header Files</Filter>
    </ClInclude>
    <ClInclude Include="source\DXTKGui\Controls\TexturePanel.h">
      <Filter>Header Files</Filter>
    </ClInclude>
    <ClInclude Include="source\DXTKGui\GuiAssets.h">
      <Filter>Header Files</Filter>
    </ClInclude>
    <ClInclude Include="source\DXTKGui\GUIFactory.h">
      <Filter>Header Files</Filter>
    </ClInclude>
    <ClInclude Include="source\DXTKGui\StringHelper.h">
      <Filter>Header Files</Filter>
    </ClInclude>
    <ClInclude Include="source\DXTKGui\Effects\GfxAssetCombiner.h">
      <Filter>Header Files</Filter>
    </ClInclude>
    <ClInclude Include="source\DXTKGui\Effects\LetterJammer.h">
      <Filter>Header Files</Filter>
    </ClInclude>
    <ClInclude Include="source\DXTKGui\Effects\ScreenTransitions.h">
      <Filter>Header Files</Filter>
    </ClInclude>
    <ClInclude Include="source\DXTKGui\Effects\TransitionEffects.h">
      <Filter>Header Files</Filter>
    </ClInclude>
    <ClInclude Include="source\pch.h">
      <Filter>Header Files</Filter>
    </ClInclude>
  </ItemGroup>
  <ItemGroup>
    <Xml Include="assets\AssetManifest.xml" />
  </ItemGroup>
</Project>